
Microsoft Visual Studio Solution File, Format Version 12.00
# Visual Studio Version 17
VisualStudioVersion = 17.8.34309.116
MinimumVisualStudioVersion = 10.0.40219.1
Project("{FAE04EC0-301F-11D3-BF4B-00C04F79EFBC}") = "PatientManager-API-BackEnd-Eval", "PatientManager-API-BackEnd-Eval\PatientManager-API-BackEnd-Eval.csproj", "{BE714C98-833D-46AE-BCC3-B11A6ACCDE81}"
EndProject
Global
	GlobalSection(SolutionConfigurationPlatforms) = preSolution
		Debug|Any CPU = Debug|Any CPU
		Release|Any CPU = Release|Any CPU
	EndGlobalSection
	GlobalSection(ProjectConfigurationPlatforms) = postSolution
		{BE714C98-833D-46AE-BCC3-B11A6ACCDE81}.Debug|Any CPU.ActiveCfg = Debug|Any CPU
		{BE714C98-833D-46AE-BCC3-B11A6ACCDE81}.Debug|Any CPU.Build.0 = Debug|Any CPU
		{BE714C98-833D-46AE-BCC3-B11A6ACCDE81}.Release|Any CPU.ActiveCfg = Release|Any CPU
		{BE714C98-833D-46AE-BCC3-B11A6ACCDE81}.Release|Any CPU.Build.0 = Release|Any CPU
	EndGlobalSection
	GlobalSection(SolutionProperties) = preSolution
		HideSolutionNode = FALSE
	EndGlobalSection
	GlobalSection(ExtensibilityGlobals) = postSolution
		SolutionGuid = {0C01E117-97E8-49DE-961F-22429E040E40}
	EndGlobalSection
EndGlobal
